// !$*UTF8*$!
{
	archiveVersion = 1;
	classes = {
	};
	objectVersion = 51;
	objects = {

/* Begin PBXBuildFile section */
		8E00C21922E9FE29008C98D1 /* AppDelegate.swift in Sources */ = {isa = PBXBuildFile; fileRef = 8E00C21822E9FE29008C98D1 /* AppDelegate.swift */; };
		8E00C21B22E9FE29008C98D1 /* SignUpViewController.swift in Sources */ = {isa = PBXBuildFile; fileRef = 8E00C21A22E9FE29008C98D1 /* SignUpViewController.swift */; };
		8E00C22022E9FE2A008C98D1 /* Assets.xcassets in Resources */ = {isa = PBXBuildFile; fileRef = 8E00C21F22E9FE2A008C98D1 /* Assets.xcassets */; };
		8E00C22322E9FE2A008C98D1 /* LaunchScreen.storyboard in Resources */ = {isa = PBXBuildFile; fileRef = 8E00C22122E9FE2A008C98D1 /* LaunchScreen.storyboard */; };
		8E00C22B22E9FECB008C98D1 /* GoogleService-Info.plist in Resources */ = {isa = PBXBuildFile; fileRef = 8E00C22A22E9FECB008C98D1 /* GoogleService-Info.plist */; };
		8E00C23522EAC0DC008C98D1 /* SignInViewController.swift in Sources */ = {isa = PBXBuildFile; fileRef = 8E00C23422EAC0DC008C98D1 /* SignInViewController.swift */; };
		8E00C23722EAC3DB008C98D1 /* ResetPasswordViewController.swift in Sources */ = {isa = PBXBuildFile; fileRef = 8E00C23622EAC3DB008C98D1 /* ResetPasswordViewController.swift */; };
		8E00C23B22EAEA42008C98D1 /* MainTabBarController.swift in Sources */ = {isa = PBXBuildFile; fileRef = 8E00C23A22EAEA42008C98D1 /* MainTabBarController.swift */; };
		8E00C23D22EAEA73008C98D1 /* PeopleViewController.swift in Sources */ = {isa = PBXBuildFile; fileRef = 8E00C23C22EAEA73008C98D1 /* PeopleViewController.swift */; };
		8E00C23F22EAEA96008C98D1 /* MessagesViewController.swift in Sources */ = {isa = PBXBuildFile; fileRef = 8E00C23E22EAEA96008C98D1 /* MessagesViewController.swift */; };
		8E00C24122EAEAA1008C98D1 /* ProfileViewController.swift in Sources */ = {isa = PBXBuildFile; fileRef = 8E00C24022EAEAA1008C98D1 /* ProfileViewController.swift */; };
		8E00C24522ED736F008C98D1 /* WelcomeViewController.swift in Sources */ = {isa = PBXBuildFile; fileRef = 8E00C24422ED736F008C98D1 /* WelcomeViewController.swift */; };
		8E00C24822EDC1BF008C98D1 /* EXT-WelcomeViewController.swift in Sources */ = {isa = PBXBuildFile; fileRef = 8E00C24722EDC1BF008C98D1 /* EXT-WelcomeViewController.swift */; };
		8E00C24B22EDC67B008C98D1 /* EXT-SignUpViewController.swift in Sources */ = {isa = PBXBuildFile; fileRef = 8E00C24A22EDC67B008C98D1 /* EXT-SignUpViewController.swift */; };
		8E00C24D22EDC68A008C98D1 /* EXT-SignInViewController.swift in Sources */ = {isa = PBXBuildFile; fileRef = 8E00C24C22EDC68A008C98D1 /* EXT-SignInViewController.swift */; };
		8E00C24F22EDC6A4008C98D1 /* EXT-ResetPasswordViewController.swift in Sources */ = {isa = PBXBuildFile; fileRef = 8E00C24E22EDC6A4008C98D1 /* EXT-ResetPasswordViewController.swift */; };
		8E00C25122EEFB01008C98D1 /* Api.swift in Sources */ = {isa = PBXBuildFile; fileRef = 8E00C25022EEFB01008C98D1 /* Api.swift */; };
		8E00C25322EEFB52008C98D1 /* UserApi.swift in Sources */ = {isa = PBXBuildFile; fileRef = 8E00C25222EEFB52008C98D1 /* UserApi.swift */; };
		8E00C25522EF08B3008C98D1 /* StorageService.swift in Sources */ = {isa = PBXBuildFile; fileRef = 8E00C25422EF08B3008C98D1 /* StorageService.swift */; };
		8E00C25722EF0F73008C98D1 /* Ref.swift in Sources */ = {isa = PBXBuildFile; fileRef = 8E00C25622EF0F73008C98D1 /* Ref.swift */; };
		8E00C25922EF6F20008C98D1 /* User.swift in Sources */ = {isa = PBXBuildFile; fileRef = 8E00C25822EF6F20008C98D1 /* User.swift */; };
		8E00C25D22EF7477008C98D1 /* Extension.swift in Sources */ = {isa = PBXBuildFile; fileRef = 8E00C25C22EF7477008C98D1 /* Extension.swift */; };
		8E9664F122FB045500EDE93E /* UserProfileDataTableViewCell.swift in Sources */ = {isa = PBXBuildFile; fileRef = 8E9664F022FB045400EDE93E /* UserProfileDataTableViewCell.swift */; };
		8E9664F322FB22E100EDE93E /* UsersAroundViewController.swift in Sources */ = {isa = PBXBuildFile; fileRef = 8E9664F222FB22E100EDE93E /* UsersAroundViewController.swift */; };
		8E9664F522FDB76900EDE93E /* UserAroundCollectionViewCell.swift in Sources */ = {isa = PBXBuildFile; fileRef = 8E9664F422FDB76900EDE93E /* UserAroundCollectionViewCell.swift */; };
		8E9664F722FDB7BD00EDE93E /* EXT-UsersAroundViewController.swift in Sources */ = {isa = PBXBuildFile; fileRef = 8E9664F622FDB7BD00EDE93E /* EXT-UsersAroundViewController.swift */; };
		8E9664F922FEE4A800EDE93E /* MapViewController.swift in Sources */ = {isa = PBXBuildFile; fileRef = 8E9664F822FEE4A800EDE93E /* MapViewController.swift */; };
		8E9664FB22FEECA700EDE93E /* UserAnnotaion.swift in Sources */ = {isa = PBXBuildFile; fileRef = 8E9664FA22FEECA700EDE93E /* UserAnnotaion.swift */; };
		8E9664FD22FF17D400EDE93E /* DetailViewController.swift in Sources */ = {isa = PBXBuildFile; fileRef = 8E9664FC22FF17D400EDE93E /* DetailViewController.swift */; };
		8ECDE50722F08529009AC4EF /* ChatViewController.swift in Sources */ = {isa = PBXBuildFile; fileRef = 8ECDE50622F08529009AC4EF /* ChatViewController.swift */; };
		8ECDE50922F1CA7E009AC4EF /* MessageApi.swift in Sources */ = {isa = PBXBuildFile; fileRef = 8ECDE50822F1CA7E009AC4EF /* MessageApi.swift */; };
		8ECDE52B22F338DD009AC4EF /* Message.swift in Sources */ = {isa = PBXBuildFile; fileRef = 8ECDE52A22F338DD009AC4EF /* Message.swift */; };
		8ECDE52D22F346A1009AC4EF /* MessageTableViewCell.swift in Sources */ = {isa = PBXBuildFile; fileRef = 8ECDE52C22F346A1009AC4EF /* MessageTableViewCell.swift */; };
		8ECDE52F22F49A1B009AC4EF /* EXT-ChatViewController.swift in Sources */ = {isa = PBXBuildFile; fileRef = 8ECDE52E22F49A1B009AC4EF /* EXT-ChatViewController.swift */; };
		8ECDE53122F5B9B6009AC4EF /* EXT-PeopleViewController.swift in Sources */ = {isa = PBXBuildFile; fileRef = 8ECDE53022F5B9B6009AC4EF /* EXT-PeopleViewController.swift */; };
		8ECDE53322F5B9F0009AC4EF /* PeopleTableViewCell.swift in Sources */ = {isa = PBXBuildFile; fileRef = 8ECDE53222F5B9F0009AC4EF /* PeopleTableViewCell.swift */; };
		8ECDE53522F67F80009AC4EF /* Inbox.swift in Sources */ = {isa = PBXBuildFile; fileRef = 8ECDE53422F67F80009AC4EF /* Inbox.swift */; };
		8ECDE53722F6874F009AC4EF /* InboxTableViewCell.swift in Sources */ = {isa = PBXBuildFile; fileRef = 8ECDE53622F6874F009AC4EF /* InboxTableViewCell.swift */; };
		8ECDE53922F6881B009AC4EF /* EXT-MessagesViewController.swift in Sources */ = {isa = PBXBuildFile; fileRef = 8ECDE53822F6881B009AC4EF /* EXT-MessagesViewController.swift */; };
		8ECDE53B22F68E4B009AC4EF /* InboxApi.swift in Sources */ = {isa = PBXBuildFile; fileRef = 8ECDE53A22F68E4B009AC4EF /* InboxApi.swift */; };
		8ECDE53D22F6EE3A009AC4EF /* EXT-ProfileViewController.swift in Sources */ = {isa = PBXBuildFile; fileRef = 8ECDE53C22F6EE3A009AC4EF /* EXT-ProfileViewController.swift */; };
		93F065A5CF322AC79D5B5E31 /* Pods_tChat.framework in Frameworks */ = {isa = PBXBuildFile; fileRef = BD1A59C1EE9753D7CCAD5F0C /* Pods_tChat.framework */; };
/* End PBXBuildFile section */

/* Begin PBXFileReference section */
		2E2B8D73BEF68E1E83F8D776 /* Pods-tChat.release.xcconfig */ = {isa = PBXFileReference; includeInIndex = 1; lastKnownFileType = text.xcconfig; name = "Pods-tChat.release.xcconfig"; path = "Target Support Files/Pods-tChat/Pods-tChat.release.xcconfig"; sourceTree = "<group>"; };
		8E00C21522E9FE29008C98D1 /* tChat.app */ = {isa = PBXFileReference; explicitFileType = wrapper.application; includeInIndex = 0; path = tChat.app; sourceTree = BUILT_PRODUCTS_DIR; };
		8E00C21822E9FE29008C98D1 /* AppDelegate.swift */ = {isa = PBXFileReference; lastKnownFileType = sourcecode.swift; path = AppDelegate.swift; sourceTree = "<group>"; };
		8E00C21A22E9FE29008C98D1 /* SignUpViewController.swift */ = {isa = PBXFileReference; lastKnownFileType = sourcecode.swift; path = SignUpViewController.swift; sourceTree = "<group>"; };
		8E00C21F22E9FE2A008C98D1 /* Assets.xcassets */ = {isa = PBXFileReference; lastKnownFileType = folder.assetcatalog; path = Assets.xcassets; sourceTree = "<group>"; };
		8E00C22222E9FE2A008C98D1 /* Base */ = {isa = PBXFileReference; lastKnownFileType = file.storyboard; name = Base; path = Base.lproj/LaunchScreen.storyboard; sourceTree = "<group>"; };
		8E00C22422E9FE2A008C98D1 /* Info.plist */ = {isa = PBXFileReference; lastKnownFileType = text.plist.xml; path = Info.plist; sourceTree = "<group>"; };
		8E00C22A22E9FECB008C98D1 /* GoogleService-Info.plist */ = {isa = PBXFileReference; fileEncoding = 4; lastKnownFileType = text.plist.xml; path = "GoogleService-Info.plist"; sourceTree = "<group>"; };
		8E00C23422EAC0DC008C98D1 /* SignInViewController.swift */ = {isa = PBXFileReference; fileEncoding = 4; lastKnownFileType = sourcecode.swift; path = SignInViewController.swift; sourceTree = "<group>"; };
		8E00C23622EAC3DB008C98D1 /* ResetPasswordViewController.swift */ = {isa = PBXFileReference; lastKnownFileType = sourcecode.swift; path = ResetPasswordViewController.swift; sourceTree = "<group>"; };
		8E00C23A22EAEA42008C98D1 /* MainTabBarController.swift */ = {isa = PBXFileReference; lastKnownFileType = sourcecode.swift; path = MainTabBarController.swift; sourceTree = "<group>"; };
		8E00C23C22EAEA73008C98D1 /* PeopleViewController.swift */ = {isa = PBXFileReference; lastKnownFileType = sourcecode.swift; path = PeopleViewController.swift; sourceTree = "<group>"; };
		8E00C23E22EAEA96008C98D1 /* MessagesViewController.swift */ = {isa = PBXFileReference; lastKnownFileType = sourcecode.swift; path = MessagesViewController.swift; sourceTree = "<group>"; };
		8E00C24022EAEAA1008C98D1 /* ProfileViewController.swift */ = {isa = PBXFileReference; lastKnownFileType = sourcecode.swift; path = ProfileViewController.swift; sourceTree = "<group>"; };
		8E00C24422ED736F008C98D1 /* WelcomeViewController.swift */ = {isa = PBXFileReference; lastKnownFileType = sourcecode.swift; path = WelcomeViewController.swift; sourceTree = "<group>"; };
		8E00C24722EDC1BF008C98D1 /* EXT-WelcomeViewController.swift */ = {isa = PBXFileReference; lastKnownFileType = sourcecode.swift; path = "EXT-WelcomeViewController.swift"; sourceTree = "<group>"; };
		8E00C24A22EDC67B008C98D1 /* EXT-SignUpViewController.swift */ = {isa = PBXFileReference; lastKnownFileType = sourcecode.swift; path = "EXT-SignUpViewController.swift"; sourceTree = "<group>"; };
		8E00C24C22EDC68A008C98D1 /* EXT-SignInViewController.swift */ = {isa = PBXFileReference; lastKnownFileType = sourcecode.swift; path = "EXT-SignInViewController.swift"; sourceTree = "<group>"; };
		8E00C24E22EDC6A4008C98D1 /* EXT-ResetPasswordViewController.swift */ = {isa = PBXFileReference; lastKnownFileType = sourcecode.swift; path = "EXT-ResetPasswordViewController.swift"; sourceTree = "<group>"; };
		8E00C25022EEFB01008C98D1 /* Api.swift */ = {isa = PBXFileReference; lastKnownFileType = sourcecode.swift; path = Api.swift; sourceTree = "<group>"; };
		8E00C25222EEFB52008C98D1 /* UserApi.swift */ = {isa = PBXFileReference; lastKnownFileType = sourcecode.swift; path = UserApi.swift; sourceTree = "<group>"; };
		8E00C25422EF08B3008C98D1 /* StorageService.swift */ = {isa = PBXFileReference; lastKnownFileType = sourcecode.swift; path = StorageService.swift; sourceTree = "<group>"; };
		8E00C25622EF0F73008C98D1 /* Ref.swift */ = {isa = PBXFileReference; lastKnownFileType = sourcecode.swift; path = Ref.swift; sourceTree = "<group>"; };
		8E00C25822EF6F20008C98D1 /* User.swift */ = {isa = PBXFileReference; lastKnownFileType = sourcecode.swift; path = User.swift; sourceTree = "<group>"; };
		8E00C25C22EF7477008C98D1 /* Extension.swift */ = {isa = PBXFileReference; lastKnownFileType = sourcecode.swift; path = Extension.swift; sourceTree = "<group>"; };
		8E9664F022FB045400EDE93E /* UserProfileDataTableViewCell.swift */ = {isa = PBXFileReference; lastKnownFileType = sourcecode.swift; path = UserProfileDataTableViewCell.swift; sourceTree = "<group>"; };
		8E9664F222FB22E100EDE93E /* UsersAroundViewController.swift */ = {isa = PBXFileReference; lastKnownFileType = sourcecode.swift; path = UsersAroundViewController.swift; sourceTree = "<group>"; };
		8E9664F422FDB76900EDE93E /* UserAroundCollectionViewCell.swift */ = {isa = PBXFileReference; lastKnownFileType = sourcecode.swift; path = UserAroundCollectionViewCell.swift; sourceTree = "<group>"; };
		8E9664F622FDB7BD00EDE93E /* EXT-UsersAroundViewController.swift */ = {isa = PBXFileReference; lastKnownFileType = sourcecode.swift; path = "EXT-UsersAroundViewController.swift"; sourceTree = "<group>"; };
		8E9664F822FEE4A800EDE93E /* MapViewController.swift */ = {isa = PBXFileReference; lastKnownFileType = sourcecode.swift; path = MapViewController.swift; sourceTree = "<group>"; };
		8E9664FA22FEECA700EDE93E /* UserAnnotaion.swift */ = {isa = PBXFileReference; lastKnownFileType = sourcecode.swift; path = UserAnnotaion.swift; sourceTree = "<group>"; };
		8E9664FC22FF17D400EDE93E /* DetailViewController.swift */ = {isa = PBXFileReference; lastKnownFileType = sourcecode.swift; path = DetailViewController.swift; sourceTree = "<group>"; };
		8ECDE50622F08529009AC4EF /* ChatViewController.swift */ = {isa = PBXFileReference; lastKnownFileType = sourcecode.swift; path = ChatViewController.swift; sourceTree = "<group>"; };
		8ECDE50822F1CA7E009AC4EF /* MessageApi.swift */ = {isa = PBXFileReference; lastKnownFileType = sourcecode.swift; path = MessageApi.swift; sourceTree = "<group>"; };
		8ECDE52A22F338DD009AC4EF /* Message.swift */ = {isa = PBXFileReference; lastKnownFileType = sourcecode.swift; path = Message.swift; sourceTree = "<group>"; };
		8ECDE52C22F346A1009AC4EF /* MessageTableViewCell.swift */ = {isa = PBXFileReference; lastKnownFileType = sourcecode.swift; path = MessageTableViewCell.swift; sourceTree = "<group>"; };
		8ECDE52E22F49A1B009AC4EF /* EXT-ChatViewController.swift */ = {isa = PBXFileReference; lastKnownFileType = sourcecode.swift; path = "EXT-ChatViewController.swift"; sourceTree = "<group>"; };
		8ECDE53022F5B9B6009AC4EF /* EXT-PeopleViewController.swift */ = {isa = PBXFileReference; lastKnownFileType = sourcecode.swift; path = "EXT-PeopleViewController.swift"; sourceTree = "<group>"; };
		8ECDE53222F5B9F0009AC4EF /* PeopleTableViewCell.swift */ = {isa = PBXFileReference; lastKnownFileType = sourcecode.swift; path = PeopleTableViewCell.swift; sourceTree = "<group>"; };
		8ECDE53422F67F80009AC4EF /* Inbox.swift */ = {isa = PBXFileReference; lastKnownFileType = sourcecode.swift; path = Inbox.swift; sourceTree = "<group>"; };
		8ECDE53622F6874F009AC4EF /* InboxTableViewCell.swift */ = {isa = PBXFileReference; lastKnownFileType = sourcecode.swift; path = InboxTableViewCell.swift; sourceTree = "<group>"; };
		8ECDE53822F6881B009AC4EF /* EXT-MessagesViewController.swift */ = {isa = PBXFileReference; lastKnownFileType = sourcecode.swift; path = "EXT-MessagesViewController.swift"; sourceTree = "<group>"; };
		8ECDE53A22F68E4B009AC4EF /* InboxApi.swift */ = {isa = PBXFileReference; lastKnownFileType = sourcecode.swift; path = InboxApi.swift; sourceTree = "<group>"; };
		8ECDE53C22F6EE3A009AC4EF /* EXT-ProfileViewController.swift */ = {isa = PBXFileReference; lastKnownFileType = sourcecode.swift; path = "EXT-ProfileViewController.swift"; sourceTree = "<group>"; };
		BD1A59C1EE9753D7CCAD5F0C /* Pods_tChat.framework */ = {isa = PBXFileReference; explicitFileType = wrapper.framework; includeInIndex = 0; path = Pods_tChat.framework; sourceTree = BUILT_PRODUCTS_DIR; };
		DE6B9CCB23CFA8F9927B2694 /* Pods-tChat.debug.xcconfig */ = {isa = PBXFileReference; includeInIndex = 1; lastKnownFileType = text.xcconfig; name = "Pods-tChat.debug.xcconfig"; path = "Target Support Files/Pods-tChat/Pods-tChat.debug.xcconfig"; sourceTree = "<group>"; };
/* End PBXFileReference section */

/* Begin PBXFrameworksBuildPhase section */
		8E00C21222E9FE29008C98D1 /* Frameworks */ = {
			isa = PBXFrameworksBuildPhase;
			buildActionMask = 2147483647;
			files = (
				93F065A5CF322AC79D5B5E31 /* Pods_tChat.framework in Frameworks */,
			);
			runOnlyForDeploymentPostprocessing = 0;
		};
/* End PBXFrameworksBuildPhase section */

/* Begin PBXGroup section */
		7EC156694B5ADDF6419491FC /* Frameworks */ = {
			isa = PBXGroup;
			children = (
				BD1A59C1EE9753D7CCAD5F0C /* Pods_tChat.framework */,
			);
			name = Frameworks;
			sourceTree = "<group>";
		};
		8E00C20C22E9FE29008C98D1 = {
			isa = PBXGroup;
			children = (
				8E00C21722E9FE29008C98D1 /* tChat */,
				8E00C21622E9FE29008C98D1 /* Products */,
				AE2742ED549057EB1F68123C /* Pods */,
				7EC156694B5ADDF6419491FC /* Frameworks */,
			);
			sourceTree = "<group>";
		};
		8E00C21622E9FE29008C98D1 /* Products */ = {
			isa = PBXGroup;
			children = (
				8E00C21522E9FE29008C98D1 /* tChat.app */,
			);
			name = Products;
			sourceTree = "<group>";
		};
		8E00C21722E9FE29008C98D1 /* tChat */ = {
			isa = PBXGroup;
			children = (
				8E00C24622EDC19B008C98D1 /* Helpers */,
				8E00C23122EAB54C008C98D1 /* Storyboard */,
				8E00C22F22EAB52F008C98D1 /* plist */,
				8E00C22E22EAB51B008C98D1 /* Controller */,
				8E00C22D22EAB514008C98D1 /* View */,
				8E00C22C22EAB4F5008C98D1 /* Model */,
				8E00C21822E9FE29008C98D1 /* AppDelegate.swift */,
			);
			path = tChat;
			sourceTree = "<group>";
		};
		8E00C22C22EAB4F5008C98D1 /* Model */ = {
			isa = PBXGroup;
			children = (
				8E00C25822EF6F20008C98D1 /* User.swift */,
				8ECDE52A22F338DD009AC4EF /* Message.swift */,
				8ECDE53422F67F80009AC4EF /* Inbox.swift */,
			);
			path = Model;
			sourceTree = "<group>";
		};
		8E00C22D22EAB514008C98D1 /* View */ = {
			isa = PBXGroup;
			children = (
				8ECDE52C22F346A1009AC4EF /* MessageTableViewCell.swift */,
				8ECDE53222F5B9F0009AC4EF /* PeopleTableViewCell.swift */,
				8ECDE53622F6874F009AC4EF /* InboxTableViewCell.swift */,
				8E9664F022FB045400EDE93E /* UserProfileDataTableViewCell.swift */,
				8E9664F422FDB76900EDE93E /* UserAroundCollectionViewCell.swift */,
				8E9664FA22FEECA700EDE93E /* UserAnnotaion.swift */,
			);
			path = View;
			sourceTree = "<group>";
		};
		8E00C22E22EAB51B008C98D1 /* Controller */ = {
			isa = PBXGroup;
			children = (
				8E00C23422EAC0DC008C98D1 /* SignInViewController.swift */,
				8E00C21A22E9FE29008C98D1 /* SignUpViewController.swift */,
				8E00C23622EAC3DB008C98D1 /* ResetPasswordViewController.swift */,
				8E00C23A22EAEA42008C98D1 /* MainTabBarController.swift */,
				8E00C23C22EAEA73008C98D1 /* PeopleViewController.swift */,
				8E00C23E22EAEA96008C98D1 /* MessagesViewController.swift */,
				8E00C24022EAEAA1008C98D1 /* ProfileViewController.swift */,
				8E00C24422ED736F008C98D1 /* WelcomeViewController.swift */,
				8ECDE50622F08529009AC4EF /* ChatViewController.swift */,
				8E9664F222FB22E100EDE93E /* UsersAroundViewController.swift */,
				8E9664F822FEE4A800EDE93E /* MapViewController.swift */,
				8E9664FC22FF17D400EDE93E /* DetailViewController.swift */,
			);
			path = Controller;
			sourceTree = "<group>";
		};
		8E00C22F22EAB52F008C98D1 /* plist */ = {
			isa = PBXGroup;
			children = (
				8E00C22422E9FE2A008C98D1 /* Info.plist */,
				8E00C22A22E9FECB008C98D1 /* GoogleService-Info.plist */,
			);
			path = plist;
			sourceTree = "<group>";
		};
		8E00C23022EAB540008C98D1 /* Assets */ = {
			isa = PBXGroup;
			children = (
				8E00C21F22E9FE2A008C98D1 /* Assets.xcassets */,
			);
			name = Assets;
			path = ../Assets;
			sourceTree = "<group>";
		};
		8E00C23122EAB54C008C98D1 /* Storyboard */ = {
			isa = PBXGroup;
			children = (
				8E00C22122E9FE2A008C98D1 /* LaunchScreen.storyboard */,
			);
			path = Storyboard;
			sourceTree = "<group>";
		};
		8E00C24622EDC19B008C98D1 /* Helpers */ = {
			isa = PBXGroup;
			children = (
				8ECDE50522EFF967009AC4EF /* Api */,
				8E00C23022EAB540008C98D1 /* Assets */,
				8E00C24922EDC49A008C98D1 /* Extensions */,
			);
			path = Helpers;
			sourceTree = "<group>";
		};
		8E00C24922EDC49A008C98D1 /* Extensions */ = {
			isa = PBXGroup;
			children = (
				8E00C24722EDC1BF008C98D1 /* EXT-WelcomeViewController.swift */,
				8E00C24A22EDC67B008C98D1 /* EXT-SignUpViewController.swift */,
				8E00C24C22EDC68A008C98D1 /* EXT-SignInViewController.swift */,
				8E00C24E22EDC6A4008C98D1 /* EXT-ResetPasswordViewController.swift */,
				8ECDE52E22F49A1B009AC4EF /* EXT-ChatViewController.swift */,
				8ECDE53022F5B9B6009AC4EF /* EXT-PeopleViewController.swift */,
				8ECDE53822F6881B009AC4EF /* EXT-MessagesViewController.swift */,
				8ECDE53C22F6EE3A009AC4EF /* EXT-ProfileViewController.swift */,
				8E9664F622FDB7BD00EDE93E /* EXT-UsersAroundViewController.swift */,
				8E00C25C22EF7477008C98D1 /* Extension.swift */,
			);
			path = Extensions;
			sourceTree = "<group>";
		};
		8ECDE50522EFF967009AC4EF /* Api */ = {
			isa = PBXGroup;
			children = (
				8E00C25022EEFB01008C98D1 /* Api.swift */,
				8E00C25222EEFB52008C98D1 /* UserApi.swift */,
				8E00C25422EF08B3008C98D1 /* StorageService.swift */,
				8E00C25622EF0F73008C98D1 /* Ref.swift */,
				8ECDE50822F1CA7E009AC4EF /* MessageApi.swift */,
				8ECDE53A22F68E4B009AC4EF /* InboxApi.swift */,
			);
			path = Api;
			sourceTree = "<group>";
		};
		AE2742ED549057EB1F68123C /* Pods */ = {
			isa = PBXGroup;
			children = (
				DE6B9CCB23CFA8F9927B2694 /* Pods-tChat.debug.xcconfig */,
				2E2B8D73BEF68E1E83F8D776 /* Pods-tChat.release.xcconfig */,
			);
			path = Pods;
			sourceTree = "<group>";
		};
/* End PBXGroup section */

/* Begin PBXNativeTarget section */
		8E00C21422E9FE29008C98D1 /* tChat */ = {
			isa = PBXNativeTarget;
			buildConfigurationList = 8E00C22722E9FE2A008C98D1 /* Build configuration list for PBXNativeTarget "tChat" */;
			buildPhases = (
				390E59E64396B9B134B49C31 /* [CP] Check Pods Manifest.lock */,
				8E00C21122E9FE29008C98D1 /* Sources */,
				8E00C21222E9FE29008C98D1 /* Frameworks */,
				8E00C21322E9FE29008C98D1 /* Resources */,
				4F4034964CB0A322C23F91AC /* [CP] Embed Pods Frameworks */,
			);
			buildRules = (
			);
			dependencies = (
			);
			name = tChat;
			productName = tChat;
			productReference = 8E00C21522E9FE29008C98D1 /* tChat.app */;
			productType = "com.apple.product-type.application";
		};
/* End PBXNativeTarget section */

/* Begin PBXProject section */
		8E00C20D22E9FE29008C98D1 /* Project object */ = {
			isa = PBXProject;
			attributes = {
				LastSwiftUpdateCheck = 1030;
				LastUpgradeCheck = 1030;
				ORGANIZATIONNAME = "Aibol Tungatarov";
				TargetAttributes = {
					8E00C21422E9FE29008C98D1 = {
						CreatedOnToolsVersion = 10.3;
					};
				};
			};
			buildConfigurationList = 8E00C21022E9FE29008C98D1 /* Build configuration list for PBXProject "tChat" */;
			compatibilityVersion = "Xcode 9.3";
			developmentRegion = en;
			hasScannedForEncodings = 0;
			knownRegions = (
				en,
				Base,
			);
			mainGroup = 8E00C20C22E9FE29008C98D1;
			productRefGroup = 8E00C21622E9FE29008C98D1 /* Products */;
			projectDirPath = "";
			projectRoot = "";
			targets = (
				8E00C21422E9FE29008C98D1 /* tChat */,
			);
		};
/* End PBXProject section */

/* Begin PBXResourcesBuildPhase section */
		8E00C21322E9FE29008C98D1 /* Resources */ = {
			isa = PBXResourcesBuildPhase;
			buildActionMask = 2147483647;
			files = (
				8E00C22322E9FE2A008C98D1 /* LaunchScreen.storyboard in Resources */,
				8E00C22B22E9FECB008C98D1 /* GoogleService-Info.plist in Resources */,
				8E00C22022E9FE2A008C98D1 /* Assets.xcassets in Resources */,
			);
			runOnlyForDeploymentPostprocessing = 0;
		};
/* End PBXResourcesBuildPhase section */

/* Begin PBXShellScriptBuildPhase section */
		390E59E64396B9B134B49C31 /* [CP] Check Pods Manifest.lock */ = {
			isa = PBXShellScriptBuildPhase;
			buildActionMask = 2147483647;
			files = (
			);
			inputFileListPaths = (
			);
			inputPaths = (
				"${PODS_PODFILE_DIR_PATH}/Podfile.lock",
				"${PODS_ROOT}/Manifest.lock",
			);
			name = "[CP] Check Pods Manifest.lock";
			outputFileListPaths = (
			);
			outputPaths = (
				"$(DERIVED_FILE_DIR)/Pods-tChat-checkManifestLockResult.txt",
			);
			runOnlyForDeploymentPostprocessing = 0;
			shellPath = /bin/sh;
			shellScript = "diff \"${PODS_PODFILE_DIR_PATH}/Podfile.lock\" \"${PODS_ROOT}/Manifest.lock\" > /dev/null\nif [ $? != 0 ] ; then\n    # print error to STDERR\n    echo \"error: The sandbox is not in sync with the Podfile.lock. Run 'pod install' or update your CocoaPods installation.\" >&2\n    exit 1\nfi\n# This output is used by Xcode 'outputs' to avoid re-running this script phase.\necho \"SUCCESS\" > \"${SCRIPT_OUTPUT_FILE_0}\"\n";
			showEnvVarsInLog = 0;
		};
		4F4034964CB0A322C23F91AC /* [CP] Embed Pods Frameworks */ = {
			isa = PBXShellScriptBuildPhase;
			buildActionMask = 2147483647;
			files = (
			);
			inputFileListPaths = (
				"${PODS_ROOT}/Target Support Files/Pods-tChat/Pods-tChat-frameworks-${CONFIGURATION}-input-files.xcfilelist",
			);
			name = "[CP] Embed Pods Frameworks";
			outputFileListPaths = (
				"${PODS_ROOT}/Target Support Files/Pods-tChat/Pods-tChat-frameworks-${CONFIGURATION}-output-files.xcfilelist",
			);
			runOnlyForDeploymentPostprocessing = 0;
			shellPath = /bin/sh;
			shellScript = "\"${PODS_ROOT}/Target Support Files/Pods-tChat/Pods-tChat-frameworks.sh\"\n";
			showEnvVarsInLog = 0;
		};
/* End PBXShellScriptBuildPhase section */

/* Begin PBXSourcesBuildPhase section */
		8E00C21122E9FE29008C98D1 /* Sources */ = {
			isa = PBXSourcesBuildPhase;
			buildActionMask = 2147483647;
			files = (
				8E00C24522ED736F008C98D1 /* WelcomeViewController.swift in Sources */,
				8E00C21B22E9FE29008C98D1 /* SignUpViewController.swift in Sources */,
				8E00C24F22EDC6A4008C98D1 /* EXT-ResetPasswordViewController.swift in Sources */,
				8ECDE53B22F68E4B009AC4EF /* InboxApi.swift in Sources */,
				8ECDE53522F67F80009AC4EF /* Inbox.swift in Sources */,
				8ECDE53922F6881B009AC4EF /* EXT-MessagesViewController.swift in Sources */,
				8E9664F522FDB76900EDE93E /* UserAroundCollectionViewCell.swift in Sources */,
				8E00C23F22EAEA96008C98D1 /* MessagesViewController.swift in Sources */,
				8ECDE53722F6874F009AC4EF /* InboxTableViewCell.swift in Sources */,
				8E00C24122EAEAA1008C98D1 /* ProfileViewController.swift in Sources */,
				8E00C25522EF08B3008C98D1 /* StorageService.swift in Sources */,
				8E00C21922E9FE29008C98D1 /* AppDelegate.swift in Sources */,
				8ECDE50922F1CA7E009AC4EF /* MessageApi.swift in Sources */,
				8ECDE53322F5B9F0009AC4EF /* PeopleTableViewCell.swift in Sources */,
				8ECDE53D22F6EE3A009AC4EF /* EXT-ProfileViewController.swift in Sources */,
				8E00C25722EF0F73008C98D1 /* Ref.swift in Sources */,
				8E00C25322EEFB52008C98D1 /* UserApi.swift in Sources */,
				8E00C24B22EDC67B008C98D1 /* EXT-SignUpViewController.swift in Sources */,
				8E00C24D22EDC68A008C98D1 /* EXT-SignInViewController.swift in Sources */,
				8E9664F122FB045500EDE93E /* UserProfileDataTableViewCell.swift in Sources */,
				8E9664F322FB22E100EDE93E /* UsersAroundViewController.swift in Sources */,
				8ECDE52F22F49A1B009AC4EF /* EXT-ChatViewController.swift in Sources */,
				8E00C23B22EAEA42008C98D1 /* MainTabBarController.swift in Sources */,
				8E00C25122EEFB01008C98D1 /* Api.swift in Sources */,
				8E00C25D22EF7477008C98D1 /* Extension.swift in Sources */,
				8E00C23522EAC0DC008C98D1 /* SignInViewController.swift in Sources */,
				8E00C25922EF6F20008C98D1 /* User.swift in Sources */,
				8ECDE53122F5B9B6009AC4EF /* EXT-PeopleViewController.swift in Sources */,
				8E9664FB22FEECA700EDE93E /* UserAnnotaion.swift in Sources */,
				8E9664FD22FF17D400EDE93E /* DetailViewController.swift in Sources */,
				8ECDE52B22F338DD009AC4EF /* Message.swift in Sources */,
				8E00C24822EDC1BF008C98D1 /* EXT-WelcomeViewController.swift in Sources */,
				8ECDE52D22F346A1009AC4EF /* MessageTableViewCell.swift in Sources */,
				8E9664F922FEE4A800EDE93E /* MapViewController.swift in Sources */,
				8E00C23722EAC3DB008C98D1 /* ResetPasswordViewController.swift in Sources */,
				8E9664F722FDB7BD00EDE93E /* EXT-UsersAroundViewController.swift in Sources */,
				8ECDE50722F08529009AC4EF /* ChatViewController.swift in Sources */,
				8E00C23D22EAEA73008C98D1 /* PeopleViewController.swift in Sources */,
			);
			runOnlyForDeploymentPostprocessing = 0;
		};
/* End PBXSourcesBuildPhase section */

/* Begin PBXVariantGroup section */
		8E00C22122E9FE2A008C98D1 /* LaunchScreen.storyboard */ = {
			isa = PBXVariantGroup;
			children = (
				8E00C22222E9FE2A008C98D1 /* Base */,
			);
			name = LaunchScreen.storyboard;
			sourceTree = "<group>";
		};
/* End PBXVariantGroup section */

/* Begin XCBuildConfiguration section */
		8E00C22522E9FE2A008C98D1 /* Debug */ = {
			isa = XCBuildConfiguration;
			buildSettings = {
				ALWAYS_SEARCH_USER_PATHS = NO;
				CLANG_ANALYZER_NONNULL = YES;
				CLANG_ANALYZER_NUMBER_OBJECT_CONVERSION = YES_AGGRESSIVE;
				CLANG_CXX_LANGUAGE_STANDARD = "gnu++14";
				CLANG_CXX_LIBRARY = "libc++";
				CLANG_ENABLE_MODULES = YES;
				CLANG_ENABLE_OBJC_ARC = YES;
				CLANG_ENABLE_OBJC_WEAK = YES;
				CLANG_WARN_BLOCK_CAPTURE_AUTORELEASING = YES;
				CLANG_WARN_BOOL_CONVERSION = YES;
				CLANG_WARN_COMMA = YES;
				CLANG_WARN_CONSTANT_CONVERSION = YES;
				CLANG_WARN_DEPRECATED_OBJC_IMPLEMENTATIONS = YES;
				CLANG_WARN_DIRECT_OBJC_ISA_USAGE = YES_ERROR;
				CLANG_WARN_DOCUMENTATION_COMMENTS = YES;
				CLANG_WARN_EMPTY_BODY = YES;
				CLANG_WARN_ENUM_CONVERSION = YES;
				CLANG_WARN_INFINITE_RECURSION = YES;
				CLANG_WARN_INT_CONVERSION = YES;
				CLANG_WARN_NON_LITERAL_NULL_CONVERSION = YES;
				CLANG_WARN_OBJC_IMPLICIT_RETAIN_SELF = YES;
				CLANG_WARN_OBJC_LITERAL_CONVERSION = YES;
				CLANG_WARN_OBJC_ROOT_CLASS = YES_ERROR;
				CLANG_WARN_RANGE_LOOP_ANALYSIS = YES;
				CLANG_WARN_STRICT_PROTOTYPES = YES;
				CLANG_WARN_SUSPICIOUS_MOVE = YES;
				CLANG_WARN_UNGUARDED_AVAILABILITY = YES_AGGRESSIVE;
				CLANG_WARN_UNREACHABLE_CODE = YES;
				CLANG_WARN__DUPLICATE_METHOD_MATCH = YES;
				CODE_SIGN_IDENTITY = "iPhone Developer";
				COPY_PHASE_STRIP = NO;
				DEBUG_INFORMATION_FORMAT = dwarf;
				ENABLE_STRICT_OBJC_MSGSEND = YES;
				ENABLE_TESTABILITY = YES;
				GCC_C_LANGUAGE_STANDARD = gnu11;
				GCC_DYNAMIC_NO_PIC = NO;
				GCC_NO_COMMON_BLOCKS = YES;
				GCC_OPTIMIZATION_LEVEL = 0;
				GCC_PREPROCESSOR_DEFINITIONS = (
					"DEBUG=1",
					"$(inherited)",
				);
				GCC_WARN_64_TO_32_BIT_CONVERSION = YES;
				GCC_WARN_ABOUT_RETURN_TYPE = YES_ERROR;
				GCC_WARN_UNDECLARED_SELECTOR = YES;
				GCC_WARN_UNINITIALIZED_AUTOS = YES_AGGRESSIVE;
				GCC_WARN_UNUSED_FUNCTION = YES;
				GCC_WARN_UNUSED_VARIABLE = YES;
				IPHONEOS_DEPLOYMENT_TARGET = 12.4;
				MTL_ENABLE_DEBUG_INFO = INCLUDE_SOURCE;
				MTL_FAST_MATH = YES;
				ONLY_ACTIVE_ARCH = YES;
				SDKROOT = iphoneos;
				SWIFT_ACTIVE_COMPILATION_CONDITIONS = DEBUG;
				SWIFT_OPTIMIZATION_LEVEL = "-Onone";
			};
			name = Debug;
		};
		8E00C22622E9FE2A008C98D1 /* Release */ = {
			isa = XCBuildConfiguration;
			buildSettings = {
				ALWAYS_SEARCH_USER_PATHS = NO;
				CLANG_ANALYZER_NONNULL = YES;
				CLANG_ANALYZER_NUMBER_OBJECT_CONVERSION = YES_AGGRESSIVE;
				CLANG_CXX_LANGUAGE_STANDARD = "gnu++14";
				CLANG_CXX_LIBRARY = "libc++";
				CLANG_ENABLE_MODULES = YES;
				CLANG_ENABLE_OBJC_ARC = YES;
				CLANG_ENABLE_OBJC_WEAK = YES;
				CLANG_WARN_BLOCK_CAPTURE_AUTORELEASING = YES;
				CLANG_WARN_BOOL_CONVERSION = YES;
				CLANG_WARN_COMMA = YES;
				CLANG_WARN_CONSTANT_CONVERSION = YES;
				CLANG_WARN_DEPRECATED_OBJC_IMPLEMENTATIONS = YES;
				CLANG_WARN_DIRECT_OBJC_ISA_USAGE = YES_ERROR;
				CLANG_WARN_DOCUMENTATION_COMMENTS = YES;
				CLANG_WARN_EMPTY_BODY = YES;
				CLANG_WARN_ENUM_CONVERSION = YES;
				CLANG_WARN_INFINITE_RECURSION = YES;
				CLANG_WARN_INT_CONVERSION = YES;
				CLANG_WARN_NON_LITERAL_NULL_CONVERSION = YES;
				CLANG_WARN_OBJC_IMPLICIT_RETAIN_SELF = YES;
				CLANG_WARN_OBJC_LITERAL_CONVERSION = YES;
				CLANG_WARN_OBJC_ROOT_CLASS = YES_ERROR;
				CLANG_WARN_RANGE_LOOP_ANALYSIS = YES;
				CLANG_WARN_STRICT_PROTOTYPES = YES;
				CLANG_WARN_SUSPICIOUS_MOVE = YES;
				CLANG_WARN_UNGUARDED_AVAILABILITY = YES_AGGRESSIVE;
				CLANG_WARN_UNREACHABLE_CODE = YES;
				CLANG_WARN__DUPLICATE_METHOD_MATCH = YES;
				CODE_SIGN_IDENTITY = "iPhone Developer";
				COPY_PHASE_STRIP = NO;
				DEBUG_INFORMATION_FORMAT = "dwarf-with-dsym";
				ENABLE_NS_ASSERTIONS = NO;
				ENABLE_STRICT_OBJC_MSGSEND = YES;
				GCC_C_LANGUAGE_STANDARD = gnu11;
				GCC_NO_COMMON_BLOCKS = YES;
				GCC_WARN_64_TO_32_BIT_CONVERSION = YES;
				GCC_WARN_ABOUT_RETURN_TYPE = YES_ERROR;
				GCC_WARN_UNDECLARED_SELECTOR = YES;
				GCC_WARN_UNINITIALIZED_AUTOS = YES_AGGRESSIVE;
				GCC_WARN_UNUSED_FUNCTION = YES;
				GCC_WARN_UNUSED_VARIABLE = YES;
				IPHONEOS_DEPLOYMENT_TARGET = 12.4;
				MTL_ENABLE_DEBUG_INFO = NO;
				MTL_FAST_MATH = YES;
				SDKROOT = iphoneos;
				SWIFT_COMPILATION_MODE = wholemodule;
				SWIFT_OPTIMIZATION_LEVEL = "-O";
				VALIDATE_PRODUCT = YES;
			};
			name = Release;
		};
		8E00C22822E9FE2A008C98D1 /* Debug */ = {
			isa = XCBuildConfiguration;
			baseConfigurationReference = DE6B9CCB23CFA8F9927B2694 /* Pods-tChat.debug.xcconfig */;
			buildSettings = {
				ASSETCATALOG_COMPILER_APPICON_NAME = AppIcon;
				CODE_SIGN_STYLE = Manual;
				DEVELOPMENT_TEAM = "";
				INFOPLIST_FILE = "$(SRCROOT)/tChat/plist/Info.plist";
				LD_RUNPATH_SEARCH_PATHS = (
					"$(inherited)",
					"@executable_path/Frameworks",
				);
				PRODUCT_BUNDLE_IDENTIFIER = com.aibolApps.tChat;
				PRODUCT_NAME = "$(TARGET_NAME)";
				PROVISIONING_PROFILE_SPECIFIER = "";
				SWIFT_VERSION = 5.0;
				TARGETED_DEVICE_FAMILY = "1,2";
			};
			name = Debug;
		};
		8E00C22922E9FE2A008C98D1 /* Release */ = {
			isa = XCBuildConfiguration;
			baseConfigurationReference = 2E2B8D73BEF68E1E83F8D776 /* Pods-tChat.release.xcconfig */;
			buildSettings = {
				ASSETCATALOG_COMPILER_APPICON_NAME = AppIcon;
				CODE_SIGN_STYLE = Manual;
				DEVELOPMENT_TEAM = "";
				INFOPLIST_FILE = "$(SRCROOT)/tChat/plist/Info.plist";
				LD_RUNPATH_SEARCH_PATHS = (
					"$(inherited)",
					"@executable_path/Frameworks",
				);
				PRODUCT_BUNDLE_IDENTIFIER = com.aibolApps.tChat;
				PRODUCT_NAME = "$(TARGET_NAME)";
				PROVISIONING_PROFILE_SPECIFIER = "";
				SWIFT_VERSION = 5.0;
				TARGETED_DEVICE_FAMILY = "1,2";
			};
			name = Release;
		};
/* End XCBuildConfiguration section */

/* Begin XCConfigurationList section */
		8E00C21022E9FE29008C98D1 /* Build configuration list for PBXProject "tChat" */ = {
			isa = XCConfigurationList;
			buildConfigurations = (
				8E00C22522E9FE2A008C98D1 /* Debug */,
				8E00C22622E9FE2A008C98D1 /* Release */,
			);
			defaultConfigurationIsVisible = 0;
			defaultConfigurationName = Release;
		};
		8E00C22722E9FE2A008C98D1 /* Build configuration list for PBXNativeTarget "tChat" */ = {
			isa = XCConfigurationList;
			buildConfigurations = (
				8E00C22822E9FE2A008C98D1 /* Debug */,
				8E00C22922E9FE2A008C98D1 /* Release */,
			);
			defaultConfigurationIsVisible = 0;
			defaultConfigurationName = Release;
		};
/* End XCConfigurationList section */
	};
	rootObject = 8E00C20D22E9FE29008C98D1 /* Project object */;
}
